
Microsoft Visual Studio Solution File, Format Version 12.00
# Visual Studio 2012
Project("{8BC9CEB8-8B4A-11D0-8D11-00A0C91BC942}") = "gtest", "gtest\gtest.vcxproj", "{81430EC7-BADF-44B7-B9D1-620E0E2620A5}"
EndProject
Project("{8BC9CEB8-8B4A-11D0-8D11-00A0C91BC942}") = "Heap", "Heap\Heap.vcxproj", "{F2BFB1CF-3826-463F-A932-E6F01BFCFDC8}"
EndProject
Project("{8BC9CEB8-8B4A-11D0-8D11-00A0C91BC942}") = "Heap - test", "Heap - test\Heap - test.vcxproj", "{7BF82F73-90CE-41C6-A8E0-07AA0269981D}"
EndProject
Global
	GlobalSection(SolutionConfigurationPlatforms) = preSolution
		Debug|Win32 = Debug|Win32
		Release|Win32 = Release|Win32
	EndGlobalSection
	GlobalSection(ProjectConfigurationPlatforms) = postSolution
		{81430EC7-BADF-44B7-B9D1-620E0E2620A5}.Debug|Win32.ActiveCfg = Debug|Win32
		{81430EC7-BADF-44B7-B9D1-620E0E2620A5}.Debug|Win32.Build.0 = Debug|Win32
		{81430EC7-BADF-44B7-B9D1-620E0E2620A5}.Release|Win32.ActiveCfg = Release|Win32
		{81430EC7-BADF-44B7-B9D1-620E0E2620A5}.Release|Win32.Build.0 = Release|Win32
		{F2BFB1CF-3826-463F-A932-E6F01BFCFDC8}.Debug|Win32.ActiveCfg = Debug|Win32
		{F2BFB1CF-3826-463F-A932-E6F01BFCFDC8}.Debug|Win32.Build.0 = Debug|Win32
		{F2BFB1CF-3826-463F-A932-E6F01BFCFDC8}.Release|Win32.ActiveCfg = Release|Win32
		{F2BFB1CF-3826-463F-A932-E6F01BFCFDC8}.Release|Win32.Build.0 = Release|Win32
		{7BF82F73-90CE-41C6-A8E0-07AA0269981D}.Debug|Win32.ActiveCfg = Debug|Win32
		{7BF82F73-90CE-41C6-A8E0-07AA0269981D}.Debug|Win32.Build.0 = Debug|Win32
		{7BF82F73-90CE-41C6-A8E0-07AA0269981D}.Release|Win32.ActiveCfg = Release|Win32
		{7BF82F73-90CE-41C6-A8E0-07AA0269981D}.Release|Win32.Build.0 = Release|Win32
	EndGlobalSection
	GlobalSection(SolutionProperties) = preSolution
		HideSolutionNode = FALSE
	EndGlobalSection
EndGlobal
